
Microsoft Visual Studio Solution File, Format Version 12.00
# Visual Studio Version 17
VisualStudioVersion = 17.7.34202.233
MinimumVisualStudioVersion = 10.0.40219.1
Project("{FAE04EC0-301F-11D3-BF4B-00C04F79EFBC}") = "Projekt_1", "Projekt_1.csproj", "{C39B8081-A42B-452C-86C4-ADB5803452D7}"
EndProject
Global
	GlobalSection(SolutionConfigurationPlatforms) = preSolution
		Debug|Any CPU = Debug|Any CPU
		Release|Any CPU = Release|Any CPU
	EndGlobalSection
	GlobalSection(ProjectConfigurationPlatforms) = postSolution
		{C39B8081-A42B-452C-86C4-ADB5803452D7}.Debug|Any CPU.ActiveCfg = Debug|Any CPU
		{C39B8081-A42B-452C-86C4-ADB5803452D7}.Debug|Any CPU.Build.0 = Debug|Any CPU
		{C39B8081-A42B-452C-86C4-ADB5803452D7}.Release|Any CPU.ActiveCfg = Release|Any CPU
		{C39B8081-A42B-452C-86C4-ADB5803452D7}.Release|Any CPU.Build.0 = Release|Any CPU
	EndGlobalSection
	GlobalSection(SolutionProperties) = preSolution
		HideSolutionNode = FALSE
	EndGlobalSection
	GlobalSection(ExtensibilityGlobals) = postSolution
		SolutionGuid = {E168F10E-9A72-4095-B606-65FF8DC8489B}
	EndGlobalSection
EndGlobal
